
Microsoft Visual Studio Solution File, Format Version 12.00
# Visual Studio 15
VisualStudioVersion = 15.0.28307.1705
MinimumVisualStudioVersion = 10.0.40219.1
Project("{FAE04EC0-301F-11D3-BF4B-00C04F79EFBC}") = "MüşavirForum", "MüşavirForum\MüşavirForum.csproj", "{AA4E2245-31C8-48D3-941E-3068CAF9E8A6}"
EndProject
Global
	GlobalSection(SolutionConfigurationPlatforms) = preSolution
		Debug|Any CPU = Debug|Any CPU
		Release|Any CPU = Release|Any CPU
	EndGlobalSection
	GlobalSection(ProjectConfigurationPlatforms) = postSolution
		{AA4E2245-31C8-48D3-941E-3068CAF9E8A6}.Debug|Any CPU.ActiveCfg = Debug|Any CPU
		{AA4E2245-31C8-48D3-941E-3068CAF9E8A6}.Debug|Any CPU.Build.0 = Debug|Any CPU
		{AA4E2245-31C8-48D3-941E-3068CAF9E8A6}.Release|Any CPU.ActiveCfg = Release|Any CPU
		{AA4E2245-31C8-48D3-941E-3068CAF9E8A6}.Release|Any CPU.Build.0 = Release|Any CPU
	EndGlobalSection
	GlobalSection(SolutionProperties) = preSolution
		HideSolutionNode = FALSE
	EndGlobalSection
	GlobalSection(ExtensibilityGlobals) = postSolution
		SolutionGuid = {AF6D4AA1-B687-450D-8AD8-0224374CB31E}
	EndGlobalSection
EndGlobal
